
Microsoft Visual Studio Solution File, Format Version 12.00
# Visual Studio Version 17
VisualStudioVersion = 17.13.35931.197 d17.13
MinimumVisualStudioVersion = 10.0.40219.1
Project("{FAE04EC0-301F-11D3-BF4B-00C04F79EFBC}") = "Aula", "Aula.csproj", "{C0044588-079E-4564-AEFE-0CD4059DB86A}"
EndProject
Global
	GlobalSection(SolutionConfigurationPlatforms) = preSolution
		Debug|Any CPU = Debug|Any CPU
		Release|Any CPU = Release|Any CPU
	EndGlobalSection
	GlobalSection(ProjectConfigurationPlatforms) = postSolution
		{C0044588-079E-4564-AEFE-0CD4059DB86A}.Debug|Any CPU.ActiveCfg = Debug|Any CPU
		{C0044588-079E-4564-AEFE-0CD4059DB86A}.Debug|Any CPU.Build.0 = Debug|Any CPU
		{C0044588-079E-4564-AEFE-0CD4059DB86A}.Release|Any CPU.ActiveCfg = Release|Any CPU
		{C0044588-079E-4564-AEFE-0CD4059DB86A}.Release|Any CPU.Build.0 = Release|Any CPU
	EndGlobalSection
	GlobalSection(SolutionProperties) = preSolution
		HideSolutionNode = FALSE
	EndGlobalSection
	GlobalSection(ExtensibilityGlobals) = postSolution
		SolutionGuid = {D0A00644-4117-4ED8-950D-E72A3ACB0232}
	EndGlobalSection
EndGlobal
