
Microsoft Visual Studio Solution File, Format Version 12.00
# Visual Studio Version 17
VisualStudioVersion = 17.13.35931.197
MinimumVisualStudioVersion = 10.0.40219.1
Project("{2150E333-8FDC-42A3-9474-1A3956D46DE8}") = "Exercicio 1", "Exercicio 1", "{02EA681E-C7D8-13C7-8484-4AC65E1B71E8}"
EndProject
Project("{2150E333-8FDC-42A3-9474-1A3956D46DE8}") = "Exercicio 2", "Exercicio 2", "{A5B40298-C556-4134-B31D-DADB07704FC0}"
EndProject
Project("{2150E333-8FDC-42A3-9474-1A3956D46DE8}") = "Exercicio 3", "Exercicio 3", "{77DC3E38-0284-467A-A4A8-DB7EE6ABB33D}"
EndProject
Project("{2150E333-8FDC-42A3-9474-1A3956D46DE8}") = "Exercicio 4", "Exercicio 4", "{010FA5EF-60EC-4F88-BF27-4D1575FE9A33}"
EndProject
Project("{2150E333-8FDC-42A3-9474-1A3956D46DE8}") = "Exercicio 5", "Exercicio 5", "{9F5A3B1C-AA00-46A1-9DE8-49E5D9000C25}"
EndProject
Project("{2150E333-8FDC-42A3-9474-1A3956D46DE8}") = "Exercicio 6", "Exercicio 6", "{D7F63827-89F6-4077-BFF7-FD37008E6141}"
EndProject
Project("{2150E333-8FDC-42A3-9474-1A3956D46DE8}") = "Exercicio 7", "Exercicio 7", "{B50B392F-B0AE-4ECF-A64C-9B22BDB0B515}"
EndProject
Project("{2150E333-8FDC-42A3-9474-1A3956D46DE8}") = "Exercicio 8", "Exercicio 8", "{A9528237-B7B5-490D-B5A4-1148F4FCC2F9}"
EndProject
Project("{2150E333-8FDC-42A3-9474-1A3956D46DE8}") = "Exercicio 9", "Exercicio 9", "{8FE32C34-7E2E-41B2-A02C-8B3DA05529C7}"
EndProject
Project("{2150E333-8FDC-42A3-9474-1A3956D46DE8}") = "Exercicio10", "Exercicio10", "{A4AF9B24-3512-4D9E-BD90-A28962AEE3F4}"
EndProject
Project("{2150E333-8FDC-42A3-9474-1A3956D46DE8}") = "Exercicio11", "Exercicio11", "{6B0DFEC1-7521-42ED-A2BB-8844D357638B}"
EndProject
Project("{2150E333-8FDC-42A3-9474-1A3956D46DE8}") = "Exercicio12", "Exercicio12", "{5CE153D9-B4E4-4161-A46A-A06852BBADC5}"
EndProject
Project("{2150E333-8FDC-42A3-9474-1A3956D46DE8}") = "Exercicio13", "Exercicio13", "{7D626463-F259-434E-AFA6-39CB7512443F}"
EndProject
Project("{2150E333-8FDC-42A3-9474-1A3956D46DE8}") = "Exercicio14", "Exercicio14", "{A496D4FD-630C-4DBB-BF6B-9A343DF9AAEA}"
EndProject
Project("{2150E333-8FDC-42A3-9474-1A3956D46DE8}") = "Exercicio15", "Exercicio15", "{5B54FF29-BA5B-4956-8E66-2C3FA5C92E10}"
EndProject
Project("{2150E333-8FDC-42A3-9474-1A3956D46DE8}") = "Exercicio16", "Exercicio16", "{B0392A93-B139-44BD-961B-EADF33B96E34}"
EndProject
Project("{2150E333-8FDC-42A3-9474-1A3956D46DE8}") = "Exercicio17", "Exercicio17", "{0D8E2805-DC62-4F9B-8F06-7E194940F949}"
EndProject
Project("{2150E333-8FDC-42A3-9474-1A3956D46DE8}") = "Exercicio18", "Exercicio18", "{AC2B7D0E-2D72-43B8-9A3C-6DE12FF59787}"
EndProject
Project("{2150E333-8FDC-42A3-9474-1A3956D46DE8}") = "Exercicio19", "Exercicio19", "{41AB4E84-E22A-42B3-ADDD-5CF1F09F79AD}"
EndProject
Project("{2150E333-8FDC-42A3-9474-1A3956D46DE8}") = "Exercicio20", "Exercicio20", "{E1FC070D-401F-41A9-88FA-8EA19705D7C5}"
EndProject
Project("{FAE04EC0-301F-11D3-BF4B-00C04F79EFBC}") = "Exercicio1", "Exercicio1\Exercicio1.csproj", "{4504F049-85E0-009B-FDC7-8B9A1213A96E}"
EndProject
Project("{FAE04EC0-301F-11D3-BF4B-00C04F79EFBC}") = "Exercicio2", "Exercicio2\Exercicio2.csproj", "{F458A9B2-8DE0-E1CA-3185-B3285A107926}"
EndProject
Project("{FAE04EC0-301F-11D3-BF4B-00C04F79EFBC}") = "Exercicio3", "Exercicio3\Exercicio3.csproj", "{16EF0FAE-5B93-6497-04E1-A3F85ECFA15D}"
EndProject
Project("{FAE04EC0-301F-11D3-BF4B-00C04F79EFBC}") = "Exercicio4", "Exercicio4\Exercicio4.csproj", "{A1A5F5BB-21C1-DBF5-D0AA-810008CA89F3}"
EndProject
Project("{FAE04EC0-301F-11D3-BF4B-00C04F79EFBC}") = "Exercicio5", "Exercicio5\Exercicio5.csproj", "{212AFCE4-CE0C-D510-6EEB-5C7DF70DF034}"
EndProject
Project("{FAE04EC0-301F-11D3-BF4B-00C04F79EFBC}") = "Exercicio6", "Exercicio6\Exercicio6.csproj", "{5F8D8AF1-F537-F0D9-0986-29B24A033CFF}"
EndProject
Project("{FAE04EC0-301F-11D3-BF4B-00C04F79EFBC}") = "Exercicio7", "Exercicio7\Exercicio7.csproj", "{A5B63DB7-F32F-2D4E-197D-7E6762FE986E}"
EndProject
Project("{FAE04EC0-301F-11D3-BF4B-00C04F79EFBC}") = "Exercicio8", "Exercicio8\Exercicio8.csproj", "{B5B0350B-EEF3-79E3-0345-F1988180A1C6}"
EndProject
Project("{FAE04EC0-301F-11D3-BF4B-00C04F79EFBC}") = "Exercicio9", "Exercicio9\Exercicio9.csproj", "{CAC27219-ABAD-063F-F658-7F59AFE14F27}"
EndProject
Project("{FAE04EC0-301F-11D3-BF4B-00C04F79EFBC}") = "Exercicio10", "Exercicio10\Exercicio10.csproj", "{B1716B16-9068-4DA4-1396-4369D816D5E5}"
EndProject
Project("{FAE04EC0-301F-11D3-BF4B-00C04F79EFBC}") = "Exercicio11", "Exercicio11\Exercicio11.csproj", "{0C151E98-D73A-F026-0738-CCD9BD2D1DD3}"
EndProject
Project("{FAE04EC0-301F-11D3-BF4B-00C04F79EFBC}") = "Exercicio12", "Exercicio12\Exercicio12.csproj", "{83926088-5BC8-4996-B878-81824333D20A}"
EndProject
Project("{FAE04EC0-301F-11D3-BF4B-00C04F79EFBC}") = "Exercicio13", "Exercicio13\Exercicio13.csproj", "{39EC9EA3-3D77-426B-BD28-6618E93AE3FA}"
EndProject
Project("{FAE04EC0-301F-11D3-BF4B-00C04F79EFBC}") = "Exercicio14", "Exercicio14\Exercicio14.csproj", "{62067510-6154-4A20-B9BC-44FEE5536F04}"
EndProject
Project("{FAE04EC0-301F-11D3-BF4B-00C04F79EFBC}") = "Exercicio15", "Exercicio15\Exercicio15.csproj", "{71789DD0-DA6E-447F-B986-5F7D60288E96}"
EndProject
Project("{FAE04EC0-301F-11D3-BF4B-00C04F79EFBC}") = "Exercicio16", "Exercicio16\Exercicio16.csproj", "{A62A8184-CC46-4FD2-A1B0-46330BDB5AF9}"
EndProject
Project("{FAE04EC0-301F-11D3-BF4B-00C04F79EFBC}") = "Exercicio17", "Exercicio17\Exercicio17.csproj", "{4CC3D7C7-A580-41C6-930C-FE83A3B395C9}"
EndProject
Project("{FAE04EC0-301F-11D3-BF4B-00C04F79EFBC}") = "Exercicio18", "Exercicio18\Exercicio18.csproj", "{223BD88A-82C1-4481-8FB9-816ADE01E470}"
EndProject
Project("{FAE04EC0-301F-11D3-BF4B-00C04F79EFBC}") = "Exercicio19", "Exercicio19\Exercicio19.csproj", "{00762389-FD79-44B6-B2E3-B24583B5E176}"
EndProject
Project("{FAE04EC0-301F-11D3-BF4B-00C04F79EFBC}") = "Exercicio20", "Exercicio20\Exercicio20.csproj", "{D29BF535-8A41-4ADC-9293-CA331449517D}"
EndProject
Global
	GlobalSection(SolutionConfigurationPlatforms) = preSolution
		Debug|Any CPU = Debug|Any CPU
		Release|Any CPU = Release|Any CPU
	EndGlobalSection
	GlobalSection(ProjectConfigurationPlatforms) = postSolution
		{4504F049-85E0-009B-FDC7-8B9A1213A96E}.Debug|Any CPU.ActiveCfg = Debug|Any CPU
		{4504F049-85E0-009B-FDC7-8B9A1213A96E}.Debug|Any CPU.Build.0 = Debug|Any CPU
		{4504F049-85E0-009B-FDC7-8B9A1213A96E}.Release|Any CPU.ActiveCfg = Release|Any CPU
		{4504F049-85E0-009B-FDC7-8B9A1213A96E}.Release|Any CPU.Build.0 = Release|Any CPU
		{F458A9B2-8DE0-E1CA-3185-B3285A107926}.Debug|Any CPU.ActiveCfg = Debug|Any CPU
		{F458A9B2-8DE0-E1CA-3185-B3285A107926}.Debug|Any CPU.Build.0 = Debug|Any CPU
		{F458A9B2-8DE0-E1CA-3185-B3285A107926}.Release|Any CPU.ActiveCfg = Release|Any CPU
		{F458A9B2-8DE0-E1CA-3185-B3285A107926}.Release|Any CPU.Build.0 = Release|Any CPU
		{16EF0FAE-5B93-6497-04E1-A3F85ECFA15D}.Debug|Any CPU.ActiveCfg = Debug|Any CPU
		{16EF0FAE-5B93-6497-04E1-A3F85ECFA15D}.Debug|Any CPU.Build.0 = Debug|Any CPU
		{16EF0FAE-5B93-6497-04E1-A3F85ECFA15D}.Release|Any CPU.ActiveCfg = Release|Any CPU
		{16EF0FAE-5B93-6497-04E1-A3F85ECFA15D}.Release|Any CPU.Build.0 = Release|Any CPU
		{A1A5F5BB-21C1-DBF5-D0AA-810008CA89F3}.Debug|Any CPU.ActiveCfg = Debug|Any CPU
		{A1A5F5BB-21C1-DBF5-D0AA-810008CA89F3}.Debug|Any CPU.Build.0 = Debug|Any CPU
		{A1A5F5BB-21C1-DBF5-D0AA-810008CA89F3}.Release|Any CPU.ActiveCfg = Release|Any CPU
		{A1A5F5BB-21C1-DBF5-D0AA-810008CA89F3}.Release|Any CPU.Build.0 = Release|Any CPU
		{212AFCE4-CE0C-D510-6EEB-5C7DF70DF034}.Debug|Any CPU.ActiveCfg = Debug|Any CPU
		{212AFCE4-CE0C-D510-6EEB-5C7DF70DF034}.Debug|Any CPU.Build.0 = Debug|Any CPU
		{212AFCE4-CE0C-D510-6EEB-5C7DF70DF034}.Release|Any CPU.ActiveCfg = Release|Any CPU
		{212AFCE4-CE0C-D510-6EEB-5C7DF70DF034}.Release|Any CPU.Build.0 = Release|Any CPU
		{5F8D8AF1-F537-F0D9-0986-29B24A033CFF}.Debug|Any CPU.ActiveCfg = Debug|Any CPU
		{5F8D8AF1-F537-F0D9-0986-29B24A033CFF}.Debug|Any CPU.Build.0 = Debug|Any CPU
		{5F8D8AF1-F537-F0D9-0986-29B24A033CFF}.Release|Any CPU.ActiveCfg = Release|Any CPU
		{5F8D8AF1-F537-F0D9-0986-29B24A033CFF}.Release|Any CPU.Build.0 = Release|Any CPU
		{A5B63DB7-F32F-2D4E-197D-7E6762FE986E}.Debug|Any CPU.ActiveCfg = Debug|Any CPU
		{A5B63DB7-F32F-2D4E-197D-7E6762FE986E}.Debug|Any CPU.Build.0 = Debug|Any CPU
		{A5B63DB7-F32F-2D4E-197D-7E6762FE986E}.Release|Any CPU.ActiveCfg = Release|Any CPU
		{A5B63DB7-F32F-2D4E-197D-7E6762FE986E}.Release|Any CPU.Build.0 = Release|Any CPU
		{B5B0350B-EEF3-79E3-0345-F1988180A1C6}.Debug|Any CPU.ActiveCfg = Debug|Any CPU
		{B5B0350B-EEF3-79E3-0345-F1988180A1C6}.Debug|Any CPU.Build.0 = Debug|Any CPU
		{B5B0350B-EEF3-79E3-0345-F1988180A1C6}.Release|Any CPU.ActiveCfg = Release|Any CPU
		{B5B0350B-EEF3-79E3-0345-F1988180A1C6}.Release|Any CPU.Build.0 = Release|Any CPU
		{CAC27219-ABAD-063F-F658-7F59AFE14F27}.Debug|Any CPU.ActiveCfg = Debug|Any CPU
		{CAC27219-ABAD-063F-F658-7F59AFE14F27}.Debug|Any CPU.Build.0 = Debug|Any CPU
		{CAC27219-ABAD-063F-F658-7F59AFE14F27}.Release|Any CPU.ActiveCfg = Release|Any CPU
		{CAC27219-ABAD-063F-F658-7F59AFE14F27}.Release|Any CPU.Build.0 = Release|Any CPU
		{B1716B16-9068-4DA4-1396-4369D816D5E5}.Debug|Any CPU.ActiveCfg = Debug|Any CPU
		{B1716B16-9068-4DA4-1396-4369D816D5E5}.Debug|Any CPU.Build.0 = Debug|Any CPU
		{B1716B16-9068-4DA4-1396-4369D816D5E5}.Release|Any CPU.ActiveCfg = Release|Any CPU
		{B1716B16-9068-4DA4-1396-4369D816D5E5}.Release|Any CPU.Build.0 = Release|Any CPU
		{0C151E98-D73A-F026-0738-CCD9BD2D1DD3}.Debug|Any CPU.ActiveCfg = Debug|Any CPU
		{0C151E98-D73A-F026-0738-CCD9BD2D1DD3}.Debug|Any CPU.Build.0 = Debug|Any CPU
		{0C151E98-D73A-F026-0738-CCD9BD2D1DD3}.Release|Any CPU.ActiveCfg = Release|Any CPU
		{0C151E98-D73A-F026-0738-CCD9BD2D1DD3}.Release|Any CPU.Build.0 = Release|Any CPU
		{83926088-5BC8-4996-B878-81824333D20A}.Debug|Any CPU.ActiveCfg = Debug|Any CPU
		{83926088-5BC8-4996-B878-81824333D20A}.Debug|Any CPU.Build.0 = Debug|Any CPU
		{83926088-5BC8-4996-B878-81824333D20A}.Release|Any CPU.ActiveCfg = Release|Any CPU
		{83926088-5BC8-4996-B878-81824333D20A}.Release|Any CPU.Build.0 = Release|Any CPU
		{39EC9EA3-3D77-426B-BD28-6618E93AE3FA}.Debug|Any CPU.ActiveCfg = Debug|Any CPU
		{39EC9EA3-3D77-426B-BD28-6618E93AE3FA}.Debug|Any CPU.Build.0 = Debug|Any CPU
		{39EC9EA3-3D77-426B-BD28-6618E93AE3FA}.Release|Any CPU.ActiveCfg = Release|Any CPU
		{39EC9EA3-3D77-426B-BD28-6618E93AE3FA}.Release|Any CPU.Build.0 = Release|Any CPU
		{62067510-6154-4A20-B9BC-44FEE5536F04}.Debug|Any CPU.ActiveCfg = Debug|Any CPU
		{62067510-6154-4A20-B9BC-44FEE5536F04}.Debug|Any CPU.Build.0 = Debug|Any CPU
		{62067510-6154-4A20-B9BC-44FEE5536F04}.Release|Any CPU.ActiveCfg = Release|Any CPU
		{62067510-6154-4A20-B9BC-44FEE5536F04}.Release|Any CPU.Build.0 = Release|Any CPU
		{71789DD0-DA6E-447F-B986-5F7D60288E96}.Debug|Any CPU.ActiveCfg = Debug|Any CPU
		{71789DD0-DA6E-447F-B986-5F7D60288E96}.Debug|Any CPU.Build.0 = Debug|Any CPU
		{71789DD0-DA6E-447F-B986-5F7D60288E96}.Release|Any CPU.ActiveCfg = Release|Any CPU
		{71789DD0-DA6E-447F-B986-5F7D60288E96}.Release|Any CPU.Build.0 = Release|Any CPU
		{A62A8184-CC46-4FD2-A1B0-46330BDB5AF9}.Debug|Any CPU.ActiveCfg = Debug|Any CPU
		{A62A8184-CC46-4FD2-A1B0-46330BDB5AF9}.Debug|Any CPU.Build.0 = Debug|Any CPU
		{A62A8184-CC46-4FD2-A1B0-46330BDB5AF9}.Release|Any CPU.ActiveCfg = Release|Any CPU
		{A62A8184-CC46-4FD2-A1B0-46330BDB5AF9}.Release|Any CPU.Build.0 = Release|Any CPU
		{4CC3D7C7-A580-41C6-930C-FE83A3B395C9}.Debug|Any CPU.ActiveCfg = Debug|Any CPU
		{4CC3D7C7-A580-41C6-930C-FE83A3B395C9}.Debug|Any CPU.Build.0 = Debug|Any CPU
		{4CC3D7C7-A580-41C6-930C-FE83A3B395C9}.Release|Any CPU.ActiveCfg = Release|Any CPU
		{4CC3D7C7-A580-41C6-930C-FE83A3B395C9}.Release|Any CPU.Build.0 = Release|Any CPU
		{223BD88A-82C1-4481-8FB9-816ADE01E470}.Debug|Any CPU.ActiveCfg = Debug|Any CPU
		{223BD88A-82C1-4481-8FB9-816ADE01E470}.Debug|Any CPU.Build.0 = Debug|Any CPU
		{223BD88A-82C1-4481-8FB9-816ADE01E470}.Release|Any CPU.ActiveCfg = Release|Any CPU
		{223BD88A-82C1-4481-8FB9-816ADE01E470}.Release|Any CPU.Build.0 = Release|Any CPU
		{00762389-FD79-44B6-B2E3-B24583B5E176}.Debug|Any CPU.ActiveCfg = Debug|Any CPU
		{00762389-FD79-44B6-B2E3-B24583B5E176}.Debug|Any CPU.Build.0 = Debug|Any CPU
		{00762389-FD79-44B6-B2E3-B24583B5E176}.Release|Any CPU.ActiveCfg = Release|Any CPU
		{00762389-FD79-44B6-B2E3-B24583B5E176}.Release|Any CPU.Build.0 = Release|Any CPU
		{D29BF535-8A41-4ADC-9293-CA331449517D}.Debug|Any CPU.ActiveCfg = Debug|Any CPU
		{D29BF535-8A41-4ADC-9293-CA331449517D}.Debug|Any CPU.Build.0 = Debug|Any CPU
		{D29BF535-8A41-4ADC-9293-CA331449517D}.Release|Any CPU.ActiveCfg = Release|Any CPU
		{D29BF535-8A41-4ADC-9293-CA331449517D}.Release|Any CPU.Build.0 = Release|Any CPU
	EndGlobalSection
	GlobalSection(SolutionProperties) = preSolution
		HideSolutionNode = FALSE
	EndGlobalSection
	GlobalSection(NestedProjects) = preSolution
		{4504F049-85E0-009B-FDC7-8B9A1213A96E} = {02EA681E-C7D8-13C7-8484-4AC65E1B71E8}
		{F458A9B2-8DE0-E1CA-3185-B3285A107926} = {A5B40298-C556-4134-B31D-DADB07704FC0}
		{16EF0FAE-5B93-6497-04E1-A3F85ECFA15D} = {77DC3E38-0284-467A-A4A8-DB7EE6ABB33D}
		{A1A5F5BB-21C1-DBF5-D0AA-810008CA89F3} = {010FA5EF-60EC-4F88-BF27-4D1575FE9A33}
		{212AFCE4-CE0C-D510-6EEB-5C7DF70DF034} = {9F5A3B1C-AA00-46A1-9DE8-49E5D9000C25}
		{5F8D8AF1-F537-F0D9-0986-29B24A033CFF} = {D7F63827-89F6-4077-BFF7-FD37008E6141}
		{A5B63DB7-F32F-2D4E-197D-7E6762FE986E} = {B50B392F-B0AE-4ECF-A64C-9B22BDB0B515}
		{B5B0350B-EEF3-79E3-0345-F1988180A1C6} = {A9528237-B7B5-490D-B5A4-1148F4FCC2F9}
		{CAC27219-ABAD-063F-F658-7F59AFE14F27} = {8FE32C34-7E2E-41B2-A02C-8B3DA05529C7}
		{B1716B16-9068-4DA4-1396-4369D816D5E5} = {A4AF9B24-3512-4D9E-BD90-A28962AEE3F4}
		{0C151E98-D73A-F026-0738-CCD9BD2D1DD3} = {6B0DFEC1-7521-42ED-A2BB-8844D357638B}
		{83926088-5BC8-4996-B878-81824333D20A} = {5CE153D9-B4E4-4161-A46A-A06852BBADC5}
		{39EC9EA3-3D77-426B-BD28-6618E93AE3FA} = {7D626463-F259-434E-AFA6-39CB7512443F}
		{62067510-6154-4A20-B9BC-44FEE5536F04} = {A496D4FD-630C-4DBB-BF6B-9A343DF9AAEA}
		{71789DD0-DA6E-447F-B986-5F7D60288E96} = {5B54FF29-BA5B-4956-8E66-2C3FA5C92E10}
		{A62A8184-CC46-4FD2-A1B0-46330BDB5AF9} = {B0392A93-B139-44BD-961B-EADF33B96E34}
		{4CC3D7C7-A580-41C6-930C-FE83A3B395C9} = {0D8E2805-DC62-4F9B-8F06-7E194940F949}
		{223BD88A-82C1-4481-8FB9-816ADE01E470} = {AC2B7D0E-2D72-43B8-9A3C-6DE12FF59787}
		{00762389-FD79-44B6-B2E3-B24583B5E176} = {41AB4E84-E22A-42B3-ADDD-5CF1F09F79AD}
		{D29BF535-8A41-4ADC-9293-CA331449517D} = {E1FC070D-401F-41A9-88FA-8EA19705D7C5}
	EndGlobalSection
	GlobalSection(ExtensibilityGlobals) = postSolution
		SolutionGuid = {E392F8D5-AC43-4E1E-9F7C-AC30A60C0C43}
	EndGlobalSection
EndGlobal
